Microsoft Visual Studio Solution File, Format Version 12.00
# Visual Studio Version 17
VisualStudioVersion = 17.5.2.0
MinimumVisualStudioVersion = 10.0.40219.1
Project("{FAE04EC0-301F-11D3-BF4B-00C04F79EFBC}") = "UptimeAPI", "UptimeAPI\UptimeAPI.csproj", "{6C9959C3-72B3-102A-1ECC-4E8C0213309A}"
EndProject
Global
	GlobalSection(SolutionConfigurationPlatforms) = preSolution
		Debug|Any CPU = Debug|Any CPU
		Release|Any CPU = Release|Any CPU
	EndGlobalSection
	GlobalSection(ProjectConfigurationPlatforms) = postSolution
		{6C9959C3-72B3-102A-1ECC-4E8C0213309A}.Debug|Any CPU.ActiveCfg = Debug|Any CPU
		{6C9959C3-72B3-102A-1ECC-4E8C0213309A}.Debug|Any CPU.Build.0 = Debug|Any CPU
		{6C9959C3-72B3-102A-1ECC-4E8C0213309A}.Release|Any CPU.ActiveCfg = Release|Any CPU
		{6C9959C3-72B3-102A-1ECC-4E8C0213309A}.Release|Any CPU.Build.0 = Release|Any CPU
	EndGlobalSection
	GlobalSection(SolutionProperties) = preSolution
		HideSolutionNode = FALSE
	EndGlobalSection
	GlobalSection(ExtensibilityGlobals) = postSolution
		SolutionGuid = {52243ADF-A65A-4252-968E-687D34AE5539}
	EndGlobalSection
EndGlobal
